// !$*UTF8*$!
{
	archiveVersion = 1;
	classes = {
	};
	objectVersion = 56;
	objects = {

/* Begin PBXBuildFile section */
		84E2CA3929F8A0F200EABCE2 /* AppDelegate.m in Sources */ = {isa = PBXBuildFile; fileRef = 84E2CA3829F8A0F200EABCE2 /* AppDelegate.m */; };
		84E2CA3C29F8A0F200EABCE2 /* SceneDelegate.m in Sources */ = {isa = PBXBuildFile; fileRef = 84E2CA3B29F8A0F200EABCE2 /* SceneDelegate.m */; };
		84E2CA3F29F8A0F200EABCE2 /* ViewController.m in Sources */ = {isa = PBXBuildFile; fileRef = 84E2CA3E29F8A0F200EABCE2 /* ViewController.m */; };
		84E2CA4229F8A0F200EABCE2 /* Main.storyboard in Resources */ = {isa = PBXBuildFile; fileRef = 84E2CA4029F8A0F200EABCE2 /* Main.storyboard */; };
		84E2CA4429F8A0F400EABCE2 /* Assets.xcassets in Resources */ = {isa = PBXBuildFile; fileRef = 84E2CA4329F8A0F400EABCE2 /* Assets.xcassets */; };
		84E2CA4729F8A0F400EABCE2 /* LaunchScreen.storyboard in Resources */ = {isa = PBXBuildFile; fileRef = 84E2CA4529F8A0F400EABCE2 /* LaunchScreen.storyboard */; };
		84E2CA4A29F8A0F400EABCE2 /* main.m in Sources */ = {isa = PBXBuildFile; fileRef = 84E2CA4929F8A0F400EABCE2 /* main.m */; };
		84E2CA5429F8A0F400EABCE2 /* TemperatureCalculatorTests.m in Sources */ = {isa = PBXBuildFile; fileRef = 84E2CA5329F8A0F400EABCE2 /* TemperatureCalculatorTests.m */; };
		84E2CA5E29F8A0F400EABCE2 /* TemperatureCalculatorUITests.m in Sources */ = {isa = PBXBuildFile; fileRef = 84E2CA5D29F8A0F400EABCE2 /* TemperatureCalculatorUITests.m */; };
		84E2CA6029F8A0F400EABCE2 /* TemperatureCalculatorUITestsLaunchTests.m in Sources */ = {isa = PBXBuildFile; fileRef = 84E2CA5F29F8A0F400EABCE2 /* TemperatureCalculatorUITestsLaunchTests.m */; };
/* End PBXBuildFile section */

/* Begin PBXContainerItemProxy section */
		84E2CA5029F8A0F400EABCE2 /* PBXContainerItemProxy */ = {
			isa = PBXContainerItemProxy;
			containerPortal = 84E2CA2C29F8A0F200EABCE2 /* Project object */;
			proxyType = 1;
			remoteGlobalIDString = 84E2CA3329F8A0F200EABCE2;
			remoteInfo = TemperatureCalculator;
		};
		84E2CA5A29F8A0F400EABCE2 /* PBXContainerItemProxy */ = {
			isa = PBXContainerItemProxy;
			containerPortal = 84E2CA2C29F8A0F200EABCE2 /* Project object */;
			proxyType = 1;
			remoteGlobalIDString = 84E2CA3329F8A0F200EABCE2;
			remoteInfo = TemperatureCalculator;
		};
/* End PBXContainerItemProxy section */

/* Begin PBXFileReference section */
		84E2CA3429F8A0F200EABCE2 /* TemperatureCalculator.app */ = {isa = PBXFileReference; explicitFileType = wrapper.application; includeInIndex = 0; path = TemperatureCalculator.app; sourceTree = BUILT_PRODUCTS_DIR; };
		84E2CA3729F8A0F200EABCE2 /* AppDelegate.h */ = {isa = PBXFileReference; lastKnownFileType = sourcecode.c.h; path = AppDelegate.h; sourceTree = "<group>"; };
		84E2CA3829F8A0F200EABCE2 /* AppDelegate.m */ = {isa = PBXFileReference; lastKnownFileType = sourcecode.c.objc; path = AppDelegate.m; sourceTree = "<group>"; };
		84E2CA3A29F8A0F200EABCE2 /* SceneDelegate.h */ = {isa = PBXFileReference; lastKnownFileType = sourcecode.c.h; path = SceneDelegate.h; sourceTree = "<group>"; };
		84E2CA3B29F8A0F200EABCE2 /* SceneDelegate.m */ = {isa = PBXFileReference; lastKnownFileType = sourcecode.c.objc; path = SceneDelegate.m; sourceTree = "<group>"; };
		84E2CA3D29F8A0F200EABCE2 /* ViewController.h */ = {isa = PBXFileReference; lastKnownFileType = sourcecode.c.h; path = ViewController.h; sourceTree = "<group>"; };
		84E2CA3E29F8A0F200EABCE2 /* ViewController.m */ = {isa = PBXFileReference; lastKnownFileType = sourcecode.c.objc; path = ViewController.m; sourceTree = "<group>"; };
		84E2CA4129F8A0F200EABCE2 /* Base */ = {isa = PBXFileReference; lastKnownFileType = file.storyboard; name = Base; path = Base.lproj/Main.storyboard; sourceTree = "<group>"; };
		84E2CA4329F8A0F400EABCE2 /* Assets.xcassets */ = {isa = PBXFileReference; lastKnownFileType = folder.assetcatalog; path = Assets.xcassets; sourceTree = "<group>"; };
		84E2CA4629F8A0F400EABCE2 /* Base */ = {isa = PBXFileReference; lastKnownFileType = file.storyboard; name = Base; path = Base.lproj/LaunchScreen.storyboard; sourceTree = "<group>"; };
		84E2CA4829F8A0F400EABCE2 /* Info.plist */ = {isa = PBXFileReference; lastKnownFileType = text.plist.xml; path = Info.plist; sourceTree = "<group>"; };
		84E2CA4929F8A0F400EABCE2 /* main.m */ = {isa = PBXFileReference; lastKnownFileType = sourcecode.c.objc; path = main.m; sourceTree = "<group>"; };
		84E2CA4F29F8A0F400EABCE2 /* TemperatureCalculatorTests.xctest */ = {isa = PBXFileReference; explicitFileType = wrapper.cfbundle; includeInIndex = 0; path = TemperatureCalculatorTests.xctest; sourceTree = BUILT_PRODUCTS_DIR; };
		84E2CA5329F8A0F400EABCE2 /* TemperatureCalculatorTests.m */ = {isa = PBXFileReference; lastKnownFileType = sourcecode.c.objc; path = TemperatureCalculatorTests.m; sourceTree = "<group>"; };
		84E2CA5929F8A0F400EABCE2 /* TemperatureCalculatorUITests.xctest */ = {isa = PBXFileReference; explicitFileType = wrapper.cfbundle; includeInIndex = 0; path = TemperatureCalculatorUITests.xctest; sourceTree = BUILT_PRODUCTS_DIR; };
		84E2CA5D29F8A0F400EABCE2 /* TemperatureCalculatorUITests.m */ = {isa = PBXFileReference; lastKnownFileType = sourcecode.c.objc; path = TemperatureCalculatorUITests.m; sourceTree = "<group>"; };
		84E2CA5F29F8A0F400EABCE2 /* TemperatureCalculatorUITestsLaunchTests.m */ = {isa = PBXFileReference; lastKnownFileType = sourcecode.c.objc; path = TemperatureCalculatorUITestsLaunchTests.m; sourceTree = "<group>"; };
/* End PBXFileReference section */

/* Begin PBXFrameworksBuildPhase section */
		84E2CA3129F8A0F200EABCE2 /* Frameworks */ = {
			isa = PBXFrameworksBuildPhase;
			buildActionMask = 2147483647;
			files = (
			);
			runOnlyForDeploymentPostprocessing = 0;
		};
		84E2CA4C29F8A0F400EABCE2 /* Frameworks */ = {
			isa = PBXFrameworksBuildPhase;
			buildActionMask = 2147483647;
			files = (
			);
			runOnlyForDeploymentPostprocessing = 0;
		};
		84E2CA5629F8A0F400EABCE2 /* Frameworks */ = {
			isa = PBXFrameworksBuildPhase;
			buildActionMask = 2147483647;
			files = (
			);
			runOnlyForDeploymentPostprocessing = 0;
		};
/* End PBXFrameworksBuildPhase section */

/* Begin PBXGroup section */
		84E2CA2B29F8A0F200EABCE2 = {
			isa = PBXGroup;
			children = (
				84E2CA3629F8A0F200EABCE2 /* TemperatureCalculator */,
				84E2CA5229F8A0F400EABCE2 /* TemperatureCalculatorTests */,
				84E2CA5C29F8A0F400EABCE2 /* TemperatureCalculatorUITests */,
				84E2CA3529F8A0F200EABCE2 /* Products */,
			);
			sourceTree = "<group>";
		};
		84E2CA3529F8A0F200EABCE2 /* Products */ = {
			isa = PBXGroup;
			children = (
				84E2CA3429F8A0F200EABCE2 /* TemperatureCalculator.app */,
				84E2CA4F29F8A0F400EABCE2 /* TemperatureCalculatorTests.xctest */,
				84E2CA5929F8A0F400EABCE2 /* TemperatureCalculatorUITests.xctest */,
			);
			name = Products;
			sourceTree = "<group>";
		};
		84E2CA3629F8A0F200EABCE2 /* TemperatureCalculator */ = {
			isa = PBXGroup;
			children = (
				84E2CA3729F8A0F200EABCE2 /* AppDelegate.h */,
				84E2CA3829F8A0F200EABCE2 /* AppDelegate.m */,
				84E2CA3A29F8A0F200EABCE2 /* SceneDelegate.h */,
				84E2CA3B29F8A0F200EABCE2 /* SceneDelegate.m */,
				84E2CA3D29F8A0F200EABCE2 /* ViewController.h */,
				84E2CA3E29F8A0F200EABCE2 /* ViewController.m */,
				84E2CA4029F8A0F200EABCE2 /* Main.storyboard */,
				84E2CA4329F8A0F400EABCE2 /* Assets.xcassets */,
				84E2CA4529F8A0F400EABCE2 /* LaunchScreen.storyboard */,
				84E2CA4829F8A0F400EABCE2 /* Info.plist */,
				84E2CA4929F8A0F400EABCE2 /* main.m */,
			);
			path = TemperatureCalculator;
			sourceTree = "<group>";
		};
		84E2CA5229F8A0F400EABCE2 /* TemperatureCalculatorTests */ = {
			isa = PBXGroup;
			children = (
				84E2CA5329F8A0F400EABCE2 /* TemperatureCalculatorTests.m */,
			);
			path = TemperatureCalculatorTests;
			sourceTree = "<group>";
		};
		84E2CA5C29F8A0F400EABCE2 /* TemperatureCalculatorUITests */ = {
			isa = PBXGroup;
			children = (
				84E2CA5D29F8A0F400EABCE2 /* TemperatureCalculatorUITests.m */,
				84E2CA5F29F8A0F400EABCE2 /* TemperatureCalculatorUITestsLaunchTests.m */,
			);
			path = TemperatureCalculatorUITests;
			sourceTree = "<group>";
		};
/* End PBXGroup section */

/* Begin PBXNativeTarget section */
		84E2CA3329F8A0F200EABCE2 /* TemperatureCalculator */ = {
			isa = PBXNativeTarget;
			buildConfigurationList = 84E2CA6329F8A0F400EABCE2 /* Build configuration list for PBXNativeTarget "TemperatureCalculator" */;
			buildPhases = (
				84E2CA3029F8A0F200EABCE2 /* Sources */,
				84E2CA3129F8A0F200EABCE2 /* Frameworks */,
				84E2CA3229F8A0F200EABCE2 /* Resources */,
			);
			buildRules = (
			);
			dependencies = (
			);
			name = TemperatureCalculator;
			productName = TemperatureCalculator;
			productReference = 84E2CA3429F8A0F200EABCE2 /* TemperatureCalculator.app */;
			productType = "com.apple.product-type.application";
		};
		84E2CA4E29F8A0F400EABCE2 /* TemperatureCalculatorTests */ = {
			isa = PBXNativeTarget;
			buildConfigurationList = 84E2CA6629F8A0F400EABCE2 /* Build configuration list for PBXNativeTarget "TemperatureCalculatorTests" */;
			buildPhases = (
				84E2CA4B29F8A0F400EABCE2 /* Sources */,
				84E2CA4C29F8A0F400EABCE2 /* Frameworks */,
				84E2CA4D29F8A0F400EABCE2 /* Resources */,
			);
			buildRules = (
			);
			dependencies = (
				84E2CA5129F8A0F400EABCE2 /* PBXTargetDependency */,
			);
			name = TemperatureCalculatorTests;
			productName = TemperatureCalculatorTests;
			productReference = 84E2CA4F29F8A0F400EABCE2 /* TemperatureCalculatorTests.xctest */;
			productType = "com.apple.product-type.bundle.unit-test";
		};
		84E2CA5829F8A0F400EABCE2 /* TemperatureCalculatorUITests */ = {
			isa = PBXNativeTarget;
			buildConfigurationList = 84E2CA6929F8A0F400EABCE2 /* Build configuration list for PBXNativeTarget "TemperatureCalculatorUITests" */;
			buildPhases = (
				84E2CA5529F8A0F400EABCE2 /* Sources */,
				84E2CA5629F8A0F400EABCE2 /* Frameworks */,
				84E2CA5729F8A0F400EABCE2 /* Resources */,
			);
			buildRules = (
			);
			dependencies = (
				84E2CA5B29F8A0F400EABCE2 /* PBXTargetDependency */,
			);
			name = TemperatureCalculatorUITests;
			productName = TemperatureCalculatorUITests;
			productReference = 84E2CA5929F8A0F400EABCE2 /* TemperatureCalculatorUITests.xctest */;
			productType = "com.apple.product-type.bundle.ui-testing";
		};
/* End PBXNativeTarget section */

/* Begin PBXProject section */
		84E2CA2C29F8A0F200EABCE2 /* Project object */ = {
			isa = PBXProject;
			attributes = {
				BuildIndependentTargetsInParallel = 1;
				LastUpgradeCheck = 1420;
				TargetAttributes = {
					84E2CA3329F8A0F200EABCE2 = {
						CreatedOnToolsVersion = 14.2;
					};
					84E2CA4E29F8A0F400EABCE2 = {
						CreatedOnToolsVersion = 14.2;
						TestTargetID = 84E2CA3329F8A0F200EABCE2;
					};
					84E2CA5829F8A0F400EABCE2 = {
						CreatedOnToolsVersion = 14.2;
						TestTargetID = 84E2CA3329F8A0F200EABCE2;
					};
				};
			};
			buildConfigurationList = 84E2CA2F29F8A0F200EABCE2 /* Build configuration list for PBXProject "TemperatureCalculator" */;
			compatibilityVersion = "Xcode 14.0";
			developmentRegion = en;
			hasScannedForEncodings = 0;
			knownRegions = (
				en,
				Base,
			);
			mainGroup = 84E2CA2B29F8A0F200EABCE2;
			productRefGroup = 84E2CA3529F8A0F200EABCE2 /* Products */;
			projectDirPath = "";
			projectRoot = "";
			targets = (
				84E2CA3329F8A0F200EABCE2 /* TemperatureCalculator */,
				84E2CA4E29F8A0F400EABCE2 /* TemperatureCalculatorTests */,
				84E2CA5829F8A0F400EABCE2 /* TemperatureCalculatorUITests */,
			);
		};
/* End PBXProject section */

/* Begin PBXResourcesBuildPhase section */
		84E2CA3229F8A0F200EABCE2 /* Resources */ = {
			isa = PBXResourcesBuildPhase;
			buildActionMask = 2147483647;
			files = (
				84E2CA4729F8A0F400EABCE2 /* LaunchScreen.storyboard in Resources */,
				84E2CA4429F8A0F400EABCE2 /* Assets.xcassets in Resources */,
				84E2CA4229F8A0F200EABCE2 /* Main.storyboard in Resources */,
			);
			runOnlyForDeploymentPostprocessing = 0;
		};
		84E2CA4D29F8A0F400EABCE2 /* Resources */ = {
			isa = PBXResourcesBuildPhase;
			buildActionMask = 2147483647;
			files = (
			);
			runOnlyForDeploymentPostprocessing = 0;
		};
		84E2CA5729F8A0F400EABCE2 /* Resources */ = {
			isa = PBXResourcesBuildPhase;
			buildActionMask = 2147483647;
			files = (
			);
			runOnlyForDeploymentPostprocessing = 0;
		};
/* End PBXResourcesBuildPhase section */

/* Begin PBXSourcesBuildPhase section */
		84E2CA3029F8A0F200EABCE2 /* Sources */ = {
			isa = PBXSourcesBuildPhase;
			buildActionMask = 2147483647;
			files = (
				84E2CA3F29F8A0F200EABCE2 /* ViewController.m in Sources */,
				84E2CA3929F8A0F200EABCE2 /* AppDelegate.m in Sources */,
				84E2CA4A29F8A0F400EABCE2 /* main.m in Sources */,
				84E2CA3C29F8A0F200EABCE2 /* SceneDelegate.m in Sources */,
			);
			runOnlyForDeploymentPostprocessing = 0;
		};
		84E2CA4B29F8A0F400EABCE2 /* Sources */ = {
			isa = PBXSourcesBuildPhase;
			buildActionMask = 2147483647;
			files = (
				84E2CA5429F8A0F400EABCE2 /* TemperatureCalculatorTests.m in Sources */,
			);
			runOnlyForDeploymentPostprocessing = 0;
		};
		84E2CA5529F8A0F400EABCE2 /* Sources */ = {
			isa = PBXSourcesBuildPhase;
			buildActionMask = 2147483647;
			files = (
				84E2CA5E29F8A0F400EABCE2 /* TemperatureCalculatorUITests.m in Sources */,
				84E2CA6029F8A0F400EABCE2 /* TemperatureCalculatorUITestsLaunchTests.m in Sources */,
			);
			runOnlyForDeploymentPostprocessing = 0;
		};
/* End PBXSourcesBuildPhase section */

/* Begin PBXTargetDependency section */
		84E2CA5129F8A0F400EABCE2 /* PBXTargetDependency */ = {
			isa = PBXTargetDependency;
			target = 84E2CA3329F8A0F200EABCE2 /* TemperatureCalculator */;
			targetProxy = 84E2CA5029F8A0F400EABCE2 /* PBXContainerItemProxy */;
		};
		84E2CA5B29F8A0F400EABCE2 /* PBXTargetDependency */ = {
			isa = PBXTargetDependency;
			target = 84E2CA3329F8A0F200EABCE2 /* TemperatureCalculator */;
			targetProxy = 84E2CA5A29F8A0F400EABCE2 /* PBXContainerItemProxy */;
		};
/* End PBXTargetDependency section */

/* Begin PBXVariantGroup section */
		84E2CA4029F8A0F200EABCE2 /* Main.storyboard */ = {
			isa = PBXVariantGroup;
			children = (
				84E2CA4129F8A0F200EABCE2 /* Base */,
			);
			name = Main.storyboard;
			sourceTree = "<group>";
		};
		84E2CA4529F8A0F400EABCE2 /* LaunchScreen.storyboard */ = {
			isa = PBXVariantGroup;
			children = (
				84E2CA4629F8A0F400EABCE2 /* Base */,
			);
			name = LaunchScreen.storyboard;
			sourceTree = "<group>";
		};
/* End PBXVariantGroup section */

/* Begin XCBuildConfiguration section */
		84E2CA6129F8A0F400EABCE2 /* Debug */ = {
			isa = XCBuildConfiguration;
			buildSettings = {
				ALWAYS_SEARCH_USER_PATHS = NO;
				CLANG_ANALYZER_NONNULL = YES;
				CLANG_ANALYZER_NUMBER_OBJECT_CONVERSION = YES_AGGRESSIVE;
				CLANG_CXX_LANGUAGE_STANDARD = "gnu++20";
				CLANG_ENABLE_MODULES = YES;
				CLANG_ENABLE_OBJC_ARC = YES;
				CLANG_ENABLE_OBJC_WEAK = YES;
				CLANG_WARN_BLOCK_CAPTURE_AUTORELEASING = YES;
				CLANG_WARN_BOOL_CONVERSION = YES;
				CLANG_WARN_COMMA = YES;
				CLANG_WARN_CONSTANT_CONVERSION = YES;
				CLANG_WARN_DEPRECATED_OBJC_IMPLEMENTATIONS = YES;
				CLANG_WARN_DIRECT_OBJC_ISA_USAGE = YES_ERROR;
				CLANG_WARN_DOCUMENTATION_COMMENTS = YES;
				CLANG_WARN_EMPTY_BODY = YES;
				CLANG_WARN_ENUM_CONVERSION = YES;
				CLANG_WARN_INFINITE_RECURSION = YES;
				CLANG_WARN_INT_CONVERSION = YES;
				CLANG_WARN_NON_LITERAL_NULL_CONVERSION = YES;
				CLANG_WARN_OBJC_IMPLICIT_RETAIN_SELF = YES;
				CLANG_WARN_OBJC_LITERAL_CONVERSION = YES;
				CLANG_WARN_OBJC_ROOT_CLASS = YES_ERROR;
				CLANG_WARN_QUOTED_INCLUDE_IN_FRAMEWORK_HEADER = YES;
				CLANG_WARN_RANGE_LOOP_ANALYSIS = YES;
				CLANG_WARN_STRICT_PROTOTYPES = YES;
				CLANG_WARN_SUSPICIOUS_MOVE = YES;
				CLANG_WARN_UNGUARDED_AVAILABILITY = YES_AGGRESSIVE;
				CLANG_WARN_UNREACHABLE_CODE = YES;
				CLANG_WARN__DUPLICATE_METHOD_MATCH = YES;
				COPY_PHASE_STRIP = NO;
				DEBUG_INFORMATION_FORMAT = dwarf;
				ENABLE_STRICT_OBJC_MSGSEND = YES;
				ENABLE_TESTABILITY = YES;
				GCC_C_LANGUAGE_STANDARD = gnu11;
				GCC_DYNAMIC_NO_PIC = NO;
				GCC_NO_COMMON_BLOCKS = YES;
				GCC_OPTIMIZATION_LEVEL = 0;
				GCC_PREPROCESSOR_DEFINITIONS = (
					"DEBUG=1",
					"$(inherited)",
				);
				GCC_WARN_64_TO_32_BIT_CONVERSION = YES;
				GCC_WARN_ABOUT_RETURN_TYPE = YES_ERROR;
				GCC_WARN_UNDECLARED_SELECTOR = YES;
				GCC_WARN_UNINITIALIZED_AUTOS = YES_AGGRESSIVE;
				GCC_WARN_UNUSED_FUNCTION = YES;
				GCC_WARN_UNUSED_VARIABLE = YES;
				IPHONEOS_DEPLOYMENT_TARGET = 16.2;
				MTL_ENABLE_DEBUG_INFO = INCLUDE_SOURCE;
				MTL_FAST_MATH = YES;
				ONLY_ACTIVE_ARCH = YES;
				SDKROOT = iphoneos;
			};
			name = Debug;
		};
		84E2CA6229F8A0F400EABCE2 /* Release */ = {
			isa = XCBuildConfiguration;
			buildSettings = {
				ALWAYS_SEARCH_USER_PATHS = NO;
				CLANG_ANALYZER_NONNULL = YES;
				CLANG_ANALYZER_NUMBER_OBJECT_CONVERSION = YES_AGGRESSIVE;
				CLANG_CXX_LANGUAGE_STANDARD = "gnu++20";
				CLANG_ENABLE_MODULES = YES;
				CLANG_ENABLE_OBJC_ARC = YES;
				CLANG_ENABLE_OBJC_WEAK = YES;
				CLANG_WARN_BLOCK_CAPTURE_AUTORELEASING = YES;
				CLANG_WARN_BOOL_CONVERSION = YES;
				CLANG_WARN_COMMA = YES;
				CLANG_WARN_CONSTANT_CONVERSION = YES;
				CLANG_WARN_DEPRECATED_OBJC_IMPLEMENTATIONS = YES;
				CLANG_WARN_DIRECT_OBJC_ISA_USAGE = YES_ERROR;
				CLANG_WARN_DOCUMENTATION_COMMENTS = YES;
				CLANG_WARN_EMPTY_BODY = YES;
				CLANG_WARN_ENUM_CONVERSION = YES;
				CLANG_WARN_INFINITE_RECURSION = YES;
				CLANG_WARN_INT_CONVERSION = YES;
				CLANG_WARN_NON_LITERAL_NULL_CONVERSION = YES;
				CLANG_WARN_OBJC_IMPLICIT_RETAIN_SELF = YES;
				CLANG_WARN_OBJC_LITERAL_CONVERSION = YES;
				CLANG_WARN_OBJC_ROOT_CLASS = YES_ERROR;
				CLANG_WARN_QUOTED_INCLUDE_IN_FRAMEWORK_HEADER = YES;
				CLANG_WARN_RANGE_LOOP_ANALYSIS = YES;
				CLANG_WARN_STRICT_PROTOTYPES = YES;
				CLANG_WARN_SUSPICIOUS_MOVE = YES;
				CLANG_WARN_UNGUARDED_AVAILABILITY = YES_AGGRESSIVE;
				CLANG_WARN_UNREACHABLE_CODE = YES;
				CLANG_WARN__DUPLICATE_METHOD_MATCH = YES;
				COPY_PHASE_STRIP = NO;
				DEBUG_INFORMATION_FORMAT = "dwarf-with-dsym";
				ENABLE_NS_ASSERTIONS = NO;
				ENABLE_STRICT_OBJC_MSGSEND = YES;
				GCC_C_LANGUAGE_STANDARD = gnu11;
				GCC_NO_COMMON_BLOCKS = YES;
				GCC_WARN_64_TO_32_BIT_CONVERSION = YES;
				GCC_WARN_ABOUT_RETURN_TYPE = YES_ERROR;
				GCC_WARN_UNDECLARED_SELECTOR = YES;
				GCC_WARN_UNINITIALIZED_AUTOS = YES_AGGRESSIVE;
				GCC_WARN_UNUSED_FUNCTION = YES;
				GCC_WARN_UNUSED_VARIABLE = YES;
				IPHONEOS_DEPLOYMENT_TARGET = 16.2;
				MTL_ENABLE_DEBUG_INFO = NO;
				MTL_FAST_MATH = YES;
				SDKROOT = iphoneos;
				VALIDATE_PRODUCT = YES;
			};
			name = Release;
		};
		84E2CA6429F8A0F400EABCE2 /* Debug */ = {
			isa = XCBuildConfiguration;
			buildSettings = {
				ASSETCATALOG_COMPILER_APPICON_NAME = AppIcon;
				ASSETCATALOG_COMPILER_GLOBAL_ACCENT_COLOR_NAME = AccentColor;
				CODE_SIGN_STYLE = Automatic;
				CURRENT_PROJECT_VERSION = 1;
				GENERATE_INFOPLIST_FILE = YES;
				INFOPLIST_FILE = TemperatureCalculator/Info.plist;
				INFOPLIST_KEY_UIApplicationSupportsIndirectInputEvents = YES;
				INFOPLIST_KEY_UILaunchStoryboardName = LaunchScreen;
				INFOPLIST_KEY_UIMainStoryboardFile = Main;
				INFOPLIST_KEY_UISupportedInterfaceOrientations_iPad = "UIInterfaceOrientationPortrait UIInterfaceOrientationPortraitUpsideDown UIInterfaceOrientationLandscapeLeft UIInterfaceOrientationLandscapeRight";
				INFOPLIST_KEY_UISupportedInterfaceOrientations_iPhone = "UIInterfaceOrientationPortrait UIInterfaceOrientationLandscapeLeft UIInterfaceOrientationLandscapeRight";
				LD_RUNPATH_SEARCH_PATHS = (
					"$(inherited)",
					"@executable_path/Frameworks",
				);
				MARKETING_VERSION = 1.0;
				PRODUCT_BUNDLE_IDENTIFIER = com.maryna.TemperatureCalculator;
				PRODUCT_NAME = "$(TARGET_NAME)";
				SWIFT_EMIT_LOC_STRINGS = YES;
				TARGETED_DEVICE_FAMILY = "1,2";
			};
			name = Debug;
		};
		84E2CA6529F8A0F400EABCE2 /* Release */ = {
			isa = XCBuildConfiguration;
			buildSettings = {
				ASSETCATALOG_COMPILER_APPICON_NAME = AppIcon;
				ASSETCATALOG_COMPILER_GLOBAL_ACCENT_COLOR_NAME = AccentColor;
				CODE_SIGN_STYLE = Automatic;
				CURRENT_PROJECT_VERSION = 1;
				GENERATE_INFOPLIST_FILE = YES;
				INFOPLIST_FILE = TemperatureCalculator/Info.plist;
				INFOPLIST_KEY_UIApplicationSupportsIndirectInputEvents = YES;
				INFOPLIST_KEY_UILaunchStoryboardName = LaunchScreen;
				INFOPLIST_KEY_UIMainStoryboardFile = Main;
				INFOPLIST_KEY_UISupportedInterfaceOrientations_iPad = "UIInterfaceOrientationPortrait UIInterfaceOrientationPortraitUpsideDown UIInterfaceOrientationLandscapeLeft UIInterfaceOrientationLandscapeRight";
				INFOPLIST_KEY_UISupportedInterfaceOrientations_iPhone = "UIInterfaceOrientationPortrait UIInterfaceOrientationLandscapeLeft UIInterfaceOrientationLandscapeRight";
				LD_RUNPATH_SEARCH_PATHS = (
					"$(inherited)",
					"@executable_path/Frameworks",
				);
				MARKETING_VERSION = 1.0;
				PRODUCT_BUNDLE_IDENTIFIER = com.maryna.TemperatureCalculator;
				PRODUCT_NAME = "$(TARGET_NAME)";
				SWIFT_EMIT_LOC_STRINGS = YES;
				TARGETED_DEVICE_FAMILY = "1,2";
			};
			name = Release;
		};
		84E2CA6729F8A0F400EABCE2 /* Debug */ = {
			isa = XCBuildConfiguration;
			buildSettings = {
				BUNDLE_LOADER = "$(TEST_HOST)";
				CODE_SIGN_STYLE = Automatic;
				CURRENT_PROJECT_VERSION = 1;
				GENERATE_INFOPLIST_FILE = YES;
				IPHONEOS_DEPLOYMENT_TARGET = 16.2;
				MARKETING_VERSION = 1.0;
				PRODUCT_BUNDLE_IDENTIFIER = com.maryna.TemperatureCalculatorTests;
				PRODUCT_NAME = "$(TARGET_NAME)";
				SWIFT_EMIT_LOC_STRINGS = NO;
				TARGETED_DEVICE_FAMILY = "1,2";
				TEST_HOST = "$(BUILT_PRODUCTS_DIR)/TemperatureCalculator.app/$(BUNDLE_EXECUTABLE_FOLDER_PATH)/TemperatureCalculator";
			};
			name = Debug;
		};
		84E2CA6829F8A0F400EABCE2 /* Release */ = {
			isa = XCBuildConfiguration;
			buildSettings = {
				BUNDLE_LOADER = "$(TEST_HOST)";
				CODE_SIGN_STYLE = Automatic;
				CURRENT_PROJECT_VERSION = 1;
				GENERATE_INFOPLIST_FILE = YES;
				IPHONEOS_DEPLOYMENT_TARGET = 16.2;
				MARKETING_VERSION = 1.0;
				PRODUCT_BUNDLE_IDENTIFIER = com.maryna.TemperatureCalculatorTests;
				PRODUCT_NAME = "$(TARGET_NAME)";
				SWIFT_EMIT_LOC_STRINGS = NO;
				TARGETED_DEVICE_FAMILY = "1,2";
				TEST_HOST = "$(BUILT_PRODUCTS_DIR)/TemperatureCalculator.app/$(BUNDLE_EXECUTABLE_FOLDER_PATH)/TemperatureCalculator";
			};
			name = Release;
		};
		84E2CA6A29F8A0F400EABCE2 /* Debug */ = {
			isa = XCBuildConfiguration;
			buildSettings = {
				CODE_SIGN_STYLE = Automatic;
				CURRENT_PROJECT_VERSION = 1;
				GENERATE_INFOPLIST_FILE = YES;
				MARKETING_VERSION = 1.0;
				PRODUCT_BUNDLE_IDENTIFIER = com.maryna.TemperatureCalculatorUITests;
				PRODUCT_NAME = "$(TARGET_NAME)";
				SWIFT_EMIT_LOC_STRINGS = NO;
				TARGETED_DEVICE_FAMILY = "1,2";
				TEST_TARGET_NAME = TemperatureCalculator;
			};
			name = Debug;
		};
		84E2CA6B29F8A0F400EABCE2 /* Release */ = {
			isa = XCBuildConfiguration;
			buildSettings = {
				CODE_SIGN_STYLE = Automatic;
				CURRENT_PROJECT_VERSION = 1;
				GENERATE_INFOPLIST_FILE = YES;
				MARKETING_VERSION = 1.0;
				PRODUCT_BUNDLE_IDENTIFIER = com.maryna.TemperatureCalculatorUITests;
				PRODUCT_NAME = "$(TARGET_NAME)";
				SWIFT_EMIT_LOC_STRINGS = NO;
				TARGETED_DEVICE_FAMILY = "1,2";
				TEST_TARGET_NAME = TemperatureCalculator;
			};
			name = Release;
		};
/* End XCBuildConfiguration section */

/* Begin XCConfigurationList section */
		84E2CA2F29F8A0F200EABCE2 /* Build configuration list for PBXProject "TemperatureCalculator" */ = {
			isa = XCConfigurationList;
			buildConfigurations = (
				84E2CA6129F8A0F400EABCE2 /* Debug */,
				84E2CA6229F8A0F400EABCE2 /* Release */,
			);
			defaultConfigurationIsVisible = 0;
			defaultConfigurationName = Release;
		};
		84E2CA6329F8A0F400EABCE2 /* Build configuration list for PBXNativeTarget "TemperatureCalculator" */ = {
			isa = XCConfigurationList;
			buildConfigurations = (
				84E2CA6429F8A0F400EABCE2 /* Debug */,
				84E2CA6529F8A0F400EABCE2 /* Release */,
			);
			defaultConfigurationIsVisible = 0;
			defaultConfigurationName = Release;
		};
		84E2CA6629F8A0F400EABCE2 /* Build configuration list for PBXNativeTarget "TemperatureCalculatorTests" */ = {
			isa = XCConfigurationList;
			buildConfigurations = (
				84E2CA6729F8A0F400EABCE2 /* Debug */,
				84E2CA6829F8A0F400EABCE2 /* Release */,
			);
			defaultConfigurationIsVisible = 0;
			defaultConfigurationName = Release;
		};
		84E2CA6929F8A0F400EABCE2 /* Build configuration list for PBXNativeTarget "TemperatureCalculatorUITests" */ = {
			isa = XCConfigurationList;
			buildConfigurations = (
				84E2CA6A29F8A0F400EABCE2 /* Debug */,
				84E2CA6B29F8A0F400EABCE2 /* Release */,
			);
			defaultConfigurationIsVisible = 0;
			defaultConfigurationName = Release;
		};
/* End XCConfigurationList section */
	};
	rootObject = 84E2CA2C29F8A0F200EABCE2 /* Project object */;
}
